
Microsoft Visual Studio Solution File, Format Version 12.00
# Visual Studio Version 16
VisualStudioVersion = 16.0.34031.81
MinimumVisualStudioVersion = 10.0.40219.1
Project("{2150E333-8FDC-42A3-9474-1A3956D46DE8}") = "Task0", "Task0", "{BDFCCA31-64B3-4BB8-8F68-598D01C278CE}"
EndProject
Project("{FAE04EC0-301F-11D3-BF4B-00C04F79EFBC}") = "Tyuiu.SysoevDA.Sprint3.Task0.V16", "Tyuiu.SysoevDA.Sprint3.Task0.V16\Tyuiu.SysoevDA.Sprint3.Task0.V16.csproj", "{460C1162-9265-444E-8756-7FB5901D0114}"
EndProject
Project("{FAE04EC0-301F-11D3-BF4B-00C04F79EFBC}") = "Tyuiu.SysoevDA.Sprint3.Task0.V16.Lib", "Tyuiu.SysoevDA.Sprint3.Task0.V16.Lib\Tyuiu.SysoevDA.Sprint3.Task0.V16.Lib.csproj", "{2A1C5BF9-E25B-402D-93A1-D7FF75843B1A}"
EndProject
Project("{FAE04EC0-301F-11D3-BF4B-00C04F79EFBC}") = "Tyuiu.SysoevDA.Sprint3.Task0.V16.Test", "Tyuiu.SysoevDA.Sprint3.Task0.V16.Test\Tyuiu.SysoevDA.Sprint3.Task0.V16.Test.csproj", "{5A9F5B93-AE66-4F3B-8403-969CCCE2C593}"
EndProject
Project("{2150E333-8FDC-42A3-9474-1A3956D46DE8}") = "Task1", "Task1", "{C27E42FC-327E-4B07-8695-B3C35D2157D4}"
EndProject
Project("{FAE04EC0-301F-11D3-BF4B-00C04F79EFBC}") = "Tyuiu.SysoevDA.Sprint3.Task1.V12", "Tyuiu.SysoevDA.Sprint3.Task1.V12\Tyuiu.SysoevDA.Sprint3.Task1.V12.csproj", "{739D7327-1260-4E19-A6A0-74FA069C9E67}"
EndProject
Project("{FAE04EC0-301F-11D3-BF4B-00C04F79EFBC}") = "Tyuiu.SysoevDA.Sprint3.Task1.V12.Lib", "Tyuiu.SysoevDA.Sprint3.Task1.V12.Lib\Tyuiu.SysoevDA.Sprint3.Task1.V12.Lib.csproj", "{651DF095-D0C2-4D2F-84F3-E735397C795F}"
EndProject
Project("{FAE04EC0-301F-11D3-BF4B-00C04F79EFBC}") = "Tyuiu.SysoevDA.Sprint3.Task1.V12.Test", "Tyuiu.SysoevDA.Sprint3.Task1.V12.Test\Tyuiu.SysoevDA.Sprint3.Task1.V12.Test.csproj", "{B6A13DA8-9E70-4351-8809-E9EDC3813D46}"
EndProject
Project("{2150E333-8FDC-42A3-9474-1A3956D46DE8}") = "Task2", "Task2", "{4EDBE0C6-5800-4D57-9E9F-09F45EF1983A}"
EndProject
Project("{FAE04EC0-301F-11D3-BF4B-00C04F79EFBC}") = "Tyuiu.SysoevDA.Sprint3.Task2.V12", "Tyuiu.SysoevDA.Sprint3.Task2.V12\Tyuiu.SysoevDA.Sprint3.Task2.V12.csproj", "{D1F71646-1057-4A78-AB23-F551763DFD82}"
EndProject
Project("{FAE04EC0-301F-11D3-BF4B-00C04F79EFBC}") = "Tyuiu.SysoevDA.Sprint3.Task2.V12.Test", "Tyuiu.SysoevDA.Sprint3.Task2.V12.Test\Tyuiu.SysoevDA.Sprint3.Task2.V12.Test.csproj", "{2DE7F335-D1A2-4976-9617-A58B2E67B883}"
EndProject
Project("{FAE04EC0-301F-11D3-BF4B-00C04F79EFBC}") = "Tyuiu.SysoevDA.Sprint3.Task2.V12.Lib", "Tyuiu.SysoevDA.Sprint3.Task2.V12.Lib\Tyuiu.SysoevDA.Sprint3.Task2.V12.Lib.csproj", "{01D0AD0A-17EC-4CF9-A78D-6C332DC7064C}"
EndProject
Project("{2150E333-8FDC-42A3-9474-1A3956D46DE8}") = "Task3", "Task3", "{0D558DFA-0B0F-4B31-A66B-C7A2D2F5720A}"
EndProject
Project("{FAE04EC0-301F-11D3-BF4B-00C04F79EFBC}") = "Tyuiu.SysoevDA.Sprint3.Task3.V4", "Tyuiu.SysoevDA.Sprint3.Task3.V4\Tyuiu.SysoevDA.Sprint3.Task3.V4.csproj", "{AE6D1EA6-6B61-43E7-A72B-271BF1D79E4F}"
EndProject
Project("{FAE04EC0-301F-11D3-BF4B-00C04F79EFBC}") = "Tyuiu.SysoevDA.Sprint3.Task3.V4.Lib", "Tyuiu.SysoevDA.Sprint3.Task3.V4.Lib\Tyuiu.SysoevDA.Sprint3.Task3.V4.Lib.csproj", "{E54DDCAE-D8A5-47E1-B682-2B468F03887D}"
EndProject
Project("{FAE04EC0-301F-11D3-BF4B-00C04F79EFBC}") = "Tyuiu.SysoevDA.Sprint3.Task3.V4.Test", "Tyuiu.SysoevDA.Sprint3.Task3.V4.Test\Tyuiu.SysoevDA.Sprint3.Task3.V4.Test.csproj", "{96EA1A55-F7B1-4E09-9FD5-E1521C9878D1}"
EndProject
Project("{2150E333-8FDC-42A3-9474-1A3956D46DE8}") = "Task4", "Task4", "{E9BC3B40-3F79-48D5-9167-524C7F082CF0}"
EndProject
Project("{FAE04EC0-301F-11D3-BF4B-00C04F79EFBC}") = "Tyuiu.SysoevDA.Sprint3.Task4.V27", "Tyuiu.SysoevDA.Sprint3.Task4.V27\Tyuiu.SysoevDA.Sprint3.Task4.V27.csproj", "{2DEAC4ED-A869-4A27-A411-49C3079CB9B0}"
EndProject
Project("{FAE04EC0-301F-11D3-BF4B-00C04F79EFBC}") = "Tyuiu.SysoevDA.Sprint3.Task4.V27.Test", "Tyuiu.SysoevDA.Sprint3.Task4.V27.Test\Tyuiu.SysoevDA.Sprint3.Task4.V27.Test.csproj", "{71B51627-0B39-4C34-A64E-2067FF3D9585}"
EndProject
Project("{FAE04EC0-301F-11D3-BF4B-00C04F79EFBC}") = "Tyuiu.SysoevDA.Sprint3.Task4.V27.Lib", "Tyuiu.SysoevDA.Sprint3.Task4.V27.Lib\Tyuiu.SysoevDA.Sprint3.Task4.V27.Lib.csproj", "{9B26212E-E81E-45C0-A874-EEC1462DF6E0}"
EndProject
Project("{2150E333-8FDC-42A3-9474-1A3956D46DE8}") = "Task5", "Task5", "{439B43A3-DE7E-49A5-AA60-831DD7E9D59E}"
EndProject
Project("{FAE04EC0-301F-11D3-BF4B-00C04F79EFBC}") = "Tyuiu.SysoevDA.Sprint3.Task5.V2", "Tyuiu.SysoevDA.Sprint3.Task5.V2\Tyuiu.SysoevDA.Sprint3.Task5.V2.csproj", "{E560E779-D4D2-4B94-81F0-C6AC489B077C}"
EndProject
Project("{FAE04EC0-301F-11D3-BF4B-00C04F79EFBC}") = "Tyuiu.SysoevDA.Sprint3.Task5.V2.Lib", "Tyuiu.SysoevDA.Sprint3.Task5.V2.Lib\Tyuiu.SysoevDA.Sprint3.Task5.V2.Lib.csproj", "{47DC76B9-596C-4120-872B-F1E8D8676E7F}"
EndProject
Project("{FAE04EC0-301F-11D3-BF4B-00C04F79EFBC}") = "Tyuiu.SysoevDA.Sprint3.Task5.V2.Test", "Tyuiu.SysoevDA.Sprint3.Task5.V2.Test\Tyuiu.SysoevDA.Sprint3.Task5.V2.Test.csproj", "{ABF0FF2F-A35A-4E86-8258-6F74215A703C}"
EndProject
Project("{2150E333-8FDC-42A3-9474-1A3956D46DE8}") = "Task6", "Task6", "{BA88BD33-C893-4076-9EB7-4FE77AA0898E}"
EndProject
Project("{FAE04EC0-301F-11D3-BF4B-00C04F79EFBC}") = "Tyuiu.SysoevDA.Sprint3.Task6.V6", "Tyuiu.SysoevDA.Sprint3.Task6.V6\Tyuiu.SysoevDA.Sprint3.Task6.V6.csproj", "{364B6245-7292-4306-A7EA-99B0BD2D5138}"
EndProject
Project("{FAE04EC0-301F-11D3-BF4B-00C04F79EFBC}") = "Tyuiu.SysoevDA.Sprint3.Task6.V6.Test", "Tyuiu.SysoevDA.Sprint3.Task6.V6.Test\Tyuiu.SysoevDA.Sprint3.Task6.V6.Test.csproj", "{2F8B6968-D685-4A85-944F-E61F860B8FFE}"
EndProject
Project("{FAE04EC0-301F-11D3-BF4B-00C04F79EFBC}") = "Tyuiu.SysoevDA.Sprint3.Task6.V6.Lib", "Tyuiu.SysoevDA.Sprint3.Task6.V6.Lib\Tyuiu.SysoevDA.Sprint3.Task6.V6.Lib.csproj", "{3B4D3BDE-AA5B-4D04-B862-E9986EE5A65F}"
EndProject
Global
	GlobalSection(SolutionConfigurationPlatforms) = preSolution
		Debug|Any CPU = Debug|Any CPU
		Release|Any CPU = Release|Any CPU
	EndGlobalSection
	GlobalSection(ProjectConfigurationPlatforms) = postSolution
		{460C1162-9265-444E-8756-7FB5901D0114}.Debug|Any CPU.ActiveCfg = Debug|Any CPU
		{460C1162-9265-444E-8756-7FB5901D0114}.Debug|Any CPU.Build.0 = Debug|Any CPU
		{460C1162-9265-444E-8756-7FB5901D0114}.Release|Any CPU.ActiveCfg = Release|Any CPU
		{460C1162-9265-444E-8756-7FB5901D0114}.Release|Any CPU.Build.0 = Release|Any CPU
		{2A1C5BF9-E25B-402D-93A1-D7FF75843B1A}.Debug|Any CPU.ActiveCfg = Debug|Any CPU
		{2A1C5BF9-E25B-402D-93A1-D7FF75843B1A}.Debug|Any CPU.Build.0 = Debug|Any CPU
		{2A1C5BF9-E25B-402D-93A1-D7FF75843B1A}.Release|Any CPU.ActiveCfg = Release|Any CPU
		{2A1C5BF9-E25B-402D-93A1-D7FF75843B1A}.Release|Any CPU.Build.0 = Release|Any CPU
		{5A9F5B93-AE66-4F3B-8403-969CCCE2C593}.Debug|Any CPU.ActiveCfg = Debug|Any CPU
		{5A9F5B93-AE66-4F3B-8403-969CCCE2C593}.Debug|Any CPU.Build.0 = Debug|Any CPU
		{5A9F5B93-AE66-4F3B-8403-969CCCE2C593}.Release|Any CPU.ActiveCfg = Release|Any CPU
		{5A9F5B93-AE66-4F3B-8403-969CCCE2C593}.Release|Any CPU.Build.0 = Release|Any CPU
		{739D7327-1260-4E19-A6A0-74FA069C9E67}.Debug|Any CPU.ActiveCfg = Debug|Any CPU
		{739D7327-1260-4E19-A6A0-74FA069C9E67}.Debug|Any CPU.Build.0 = Debug|Any CPU
		{739D7327-1260-4E19-A6A0-74FA069C9E67}.Release|Any CPU.ActiveCfg = Release|Any CPU
		{739D7327-1260-4E19-A6A0-74FA069C9E67}.Release|Any CPU.Build.0 = Release|Any CPU
		{651DF095-D0C2-4D2F-84F3-E735397C795F}.Debug|Any CPU.ActiveCfg = Debug|Any CPU
		{651DF095-D0C2-4D2F-84F3-E735397C795F}.Debug|Any CPU.Build.0 = Debug|Any CPU
		{651DF095-D0C2-4D2F-84F3-E735397C795F}.Release|Any CPU.ActiveCfg = Release|Any CPU
		{651DF095-D0C2-4D2F-84F3-E735397C795F}.Release|Any CPU.Build.0 = Release|Any CPU
		{B6A13DA8-9E70-4351-8809-E9EDC3813D46}.Debug|Any CPU.ActiveCfg = Debug|Any CPU
		{B6A13DA8-9E70-4351-8809-E9EDC3813D46}.Debug|Any CPU.Build.0 = Debug|Any CPU
		{B6A13DA8-9E70-4351-8809-E9EDC3813D46}.Release|Any CPU.ActiveCfg = Release|Any CPU
		{B6A13DA8-9E70-4351-8809-E9EDC3813D46}.Release|Any CPU.Build.0 = Release|Any CPU
		{D1F71646-1057-4A78-AB23-F551763DFD82}.Debug|Any CPU.ActiveCfg = Debug|Any CPU
		{D1F71646-1057-4A78-AB23-F551763DFD82}.Debug|Any CPU.Build.0 = Debug|Any CPU
		{D1F71646-1057-4A78-AB23-F551763DFD82}.Release|Any CPU.ActiveCfg = Release|Any CPU
		{D1F71646-1057-4A78-AB23-F551763DFD82}.Release|Any CPU.Build.0 = Release|Any CPU
		{2DE7F335-D1A2-4976-9617-A58B2E67B883}.Debug|Any CPU.ActiveCfg = Debug|Any CPU
		{2DE7F335-D1A2-4976-9617-A58B2E67B883}.Debug|Any CPU.Build.0 = Debug|Any CPU
		{2DE7F335-D1A2-4976-9617-A58B2E67B883}.Release|Any CPU.ActiveCfg = Release|Any CPU
		{2DE7F335-D1A2-4976-9617-A58B2E67B883}.Release|Any CPU.Build.0 = Release|Any CPU
		{01D0AD0A-17EC-4CF9-A78D-6C332DC7064C}.Debug|Any CPU.ActiveCfg = Debug|Any CPU
		{01D0AD0A-17EC-4CF9-A78D-6C332DC7064C}.Debug|Any CPU.Build.0 = Debug|Any CPU
		{01D0AD0A-17EC-4CF9-A78D-6C332DC7064C}.Release|Any CPU.ActiveCfg = Release|Any CPU
		{01D0AD0A-17EC-4CF9-A78D-6C332DC7064C}.Release|Any CPU.Build.0 = Release|Any CPU
		{AE6D1EA6-6B61-43E7-A72B-271BF1D79E4F}.Debug|Any CPU.ActiveCfg = Debug|Any CPU
		{AE6D1EA6-6B61-43E7-A72B-271BF1D79E4F}.Debug|Any CPU.Build.0 = Debug|Any CPU
		{AE6D1EA6-6B61-43E7-A72B-271BF1D79E4F}.Release|Any CPU.ActiveCfg = Release|Any CPU
		{AE6D1EA6-6B61-43E7-A72B-271BF1D79E4F}.Release|Any CPU.Build.0 = Release|Any CPU
		{E54DDCAE-D8A5-47E1-B682-2B468F03887D}.Debug|Any CPU.ActiveCfg = Debug|Any CPU
		{E54DDCAE-D8A5-47E1-B682-2B468F03887D}.Debug|Any CPU.Build.0 = Debug|Any CPU
		{E54DDCAE-D8A5-47E1-B682-2B468F03887D}.Release|Any CPU.ActiveCfg = Release|Any CPU
		{E54DDCAE-D8A5-47E1-B682-2B468F03887D}.Release|Any CPU.Build.0 = Release|Any CPU
		{96EA1A55-F7B1-4E09-9FD5-E1521C9878D1}.Debug|Any CPU.ActiveCfg = Debug|Any CPU
		{96EA1A55-F7B1-4E09-9FD5-E1521C9878D1}.Debug|Any CPU.Build.0 = Debug|Any CPU
		{96EA1A55-F7B1-4E09-9FD5-E1521C9878D1}.Release|Any CPU.ActiveCfg = Release|Any CPU
		{96EA1A55-F7B1-4E09-9FD5-E1521C9878D1}.Release|Any CPU.Build.0 = Release|Any CPU
		{2DEAC4ED-A869-4A27-A411-49C3079CB9B0}.Debug|Any CPU.ActiveCfg = Debug|Any CPU
		{2DEAC4ED-A869-4A27-A411-49C3079CB9B0}.Debug|Any CPU.Build.0 = Debug|Any CPU
		{2DEAC4ED-A869-4A27-A411-49C3079CB9B0}.Release|Any CPU.ActiveCfg = Release|Any CPU
		{2DEAC4ED-A869-4A27-A411-49C3079CB9B0}.Release|Any CPU.Build.0 = Release|Any CPU
		{71B51627-0B39-4C34-A64E-2067FF3D9585}.Debug|Any CPU.ActiveCfg = Debug|Any CPU
		{71B51627-0B39-4C34-A64E-2067FF3D9585}.Debug|Any CPU.Build.0 = Debug|Any CPU
		{71B51627-0B39-4C34-A64E-2067FF3D9585}.Release|Any CPU.ActiveCfg = Release|Any CPU
		{71B51627-0B39-4C34-A64E-2067FF3D9585}.Release|Any CPU.Build.0 = Release|Any CPU
		{9B26212E-E81E-45C0-A874-EEC1462DF6E0}.Debug|Any CPU.ActiveCfg = Debug|Any CPU
		{9B26212E-E81E-45C0-A874-EEC1462DF6E0}.Debug|Any CPU.Build.0 = Debug|Any CPU
		{9B26212E-E81E-45C0-A874-EEC1462DF6E0}.Release|Any CPU.ActiveCfg = Release|Any CPU
		{9B26212E-E81E-45C0-A874-EEC1462DF6E0}.Release|Any CPU.Build.0 = Release|Any CPU
		{E560E779-D4D2-4B94-81F0-C6AC489B077C}.Debug|Any CPU.ActiveCfg = Debug|Any CPU
		{E560E779-D4D2-4B94-81F0-C6AC489B077C}.Debug|Any CPU.Build.0 = Debug|Any CPU
		{E560E779-D4D2-4B94-81F0-C6AC489B077C}.Release|Any CPU.ActiveCfg = Release|Any CPU
		{E560E779-D4D2-4B94-81F0-C6AC489B077C}.Release|Any CPU.Build.0 = Release|Any CPU
		{47DC76B9-596C-4120-872B-F1E8D8676E7F}.Debug|Any CPU.ActiveCfg = Debug|Any CPU
		{47DC76B9-596C-4120-872B-F1E8D8676E7F}.Debug|Any CPU.Build.0 = Debug|Any CPU
		{47DC76B9-596C-4120-872B-F1E8D8676E7F}.Release|Any CPU.ActiveCfg = Release|Any CPU
		{47DC76B9-596C-4120-872B-F1E8D8676E7F}.Release|Any CPU.Build.0 = Release|Any CPU
		{ABF0FF2F-A35A-4E86-8258-6F74215A703C}.Debug|Any CPU.ActiveCfg = Debug|Any CPU
		{ABF0FF2F-A35A-4E86-8258-6F74215A703C}.Debug|Any CPU.Build.0 = Debug|Any CPU
		{ABF0FF2F-A35A-4E86-8258-6F74215A703C}.Release|Any CPU.ActiveCfg = Release|Any CPU
		{ABF0FF2F-A35A-4E86-8258-6F74215A703C}.Release|Any CPU.Build.0 = Release|Any CPU
		{364B6245-7292-4306-A7EA-99B0BD2D5138}.Debug|Any CPU.ActiveCfg = Debug|Any CPU
		{364B6245-7292-4306-A7EA-99B0BD2D5138}.Debug|Any CPU.Build.0 = Debug|Any CPU
		{364B6245-7292-4306-A7EA-99B0BD2D5138}.Release|Any CPU.ActiveCfg = Release|Any CPU
		{364B6245-7292-4306-A7EA-99B0BD2D5138}.Release|Any CPU.Build.0 = Release|Any CPU
		{2F8B6968-D685-4A85-944F-E61F860B8FFE}.Debug|Any CPU.ActiveCfg = Debug|Any CPU
		{2F8B6968-D685-4A85-944F-E61F860B8FFE}.Debug|Any CPU.Build.0 = Debug|Any CPU
		{2F8B6968-D685-4A85-944F-E61F860B8FFE}.Release|Any CPU.ActiveCfg = Release|Any CPU
		{2F8B6968-D685-4A85-944F-E61F860B8FFE}.Release|Any CPU.Build.0 = Release|Any CPU
		{3B4D3BDE-AA5B-4D04-B862-E9986EE5A65F}.Debug|Any CPU.ActiveCfg = Debug|Any CPU
		{3B4D3BDE-AA5B-4D04-B862-E9986EE5A65F}.Debug|Any CPU.Build.0 = Debug|Any CPU
		{3B4D3BDE-AA5B-4D04-B862-E9986EE5A65F}.Release|Any CPU.ActiveCfg = Release|Any CPU
		{3B4D3BDE-AA5B-4D04-B862-E9986EE5A65F}.Release|Any CPU.Build.0 = Release|Any CPU
	EndGlobalSection
	GlobalSection(SolutionProperties) = preSolution
		HideSolutionNode = FALSE
	EndGlobalSection
	GlobalSection(NestedProjects) = preSolution
		{460C1162-9265-444E-8756-7FB5901D0114} = {BDFCCA31-64B3-4BB8-8F68-598D01C278CE}
		{2A1C5BF9-E25B-402D-93A1-D7FF75843B1A} = {BDFCCA31-64B3-4BB8-8F68-598D01C278CE}
		{5A9F5B93-AE66-4F3B-8403-969CCCE2C593} = {BDFCCA31-64B3-4BB8-8F68-598D01C278CE}
		{739D7327-1260-4E19-A6A0-74FA069C9E67} = {C27E42FC-327E-4B07-8695-B3C35D2157D4}
		{651DF095-D0C2-4D2F-84F3-E735397C795F} = {C27E42FC-327E-4B07-8695-B3C35D2157D4}
		{B6A13DA8-9E70-4351-8809-E9EDC3813D46} = {C27E42FC-327E-4B07-8695-B3C35D2157D4}
		{D1F71646-1057-4A78-AB23-F551763DFD82} = {4EDBE0C6-5800-4D57-9E9F-09F45EF1983A}
		{2DE7F335-D1A2-4976-9617-A58B2E67B883} = {4EDBE0C6-5800-4D57-9E9F-09F45EF1983A}
		{01D0AD0A-17EC-4CF9-A78D-6C332DC7064C} = {4EDBE0C6-5800-4D57-9E9F-09F45EF1983A}
		{AE6D1EA6-6B61-43E7-A72B-271BF1D79E4F} = {0D558DFA-0B0F-4B31-A66B-C7A2D2F5720A}
		{E54DDCAE-D8A5-47E1-B682-2B468F03887D} = {0D558DFA-0B0F-4B31-A66B-C7A2D2F5720A}
		{96EA1A55-F7B1-4E09-9FD5-E1521C9878D1} = {0D558DFA-0B0F-4B31-A66B-C7A2D2F5720A}
		{2DEAC4ED-A869-4A27-A411-49C3079CB9B0} = {E9BC3B40-3F79-48D5-9167-524C7F082CF0}
		{71B51627-0B39-4C34-A64E-2067FF3D9585} = {E9BC3B40-3F79-48D5-9167-524C7F082CF0}
		{9B26212E-E81E-45C0-A874-EEC1462DF6E0} = {E9BC3B40-3F79-48D5-9167-524C7F082CF0}
		{E560E779-D4D2-4B94-81F0-C6AC489B077C} = {439B43A3-DE7E-49A5-AA60-831DD7E9D59E}
		{47DC76B9-596C-4120-872B-F1E8D8676E7F} = {439B43A3-DE7E-49A5-AA60-831DD7E9D59E}
		{ABF0FF2F-A35A-4E86-8258-6F74215A703C} = {439B43A3-DE7E-49A5-AA60-831DD7E9D59E}
		{364B6245-7292-4306-A7EA-99B0BD2D5138} = {BA88BD33-C893-4076-9EB7-4FE77AA0898E}
		{2F8B6968-D685-4A85-944F-E61F860B8FFE} = {BA88BD33-C893-4076-9EB7-4FE77AA0898E}
		{3B4D3BDE-AA5B-4D04-B862-E9986EE5A65F} = {BA88BD33-C893-4076-9EB7-4FE77AA0898E}
	EndGlobalSection
	GlobalSection(ExtensibilityGlobals) = postSolution
		SolutionGuid = {8EA707D9-4F77-4A2A-9750-202069C79EFE}
	EndGlobalSection
EndGlobal
